
Microsoft Visual Studio Solution File, Format Version 12.00
# Visual Studio Version 17
VisualStudioVersion = 17.13.35828.75 d17.13
MinimumVisualStudioVersion = 10.0.40219.1
Project("{FAE04EC0-301F-11D3-BF4B-00C04F79EFBC}") = "UI Editor", "UI Editor\UI Editor.csproj", "{45D1AAEE-0B26-4685-89A8-31A6B9230D0D}"
EndProject
Global
	GlobalSection(SolutionConfigurationPlatforms) = preSolution
		Debug|Any CPU = Debug|Any CPU
		Release|Any CPU = Release|Any CPU
	EndGlobalSection
	GlobalSection(ProjectConfigurationPlatforms) = postSolution
		{45D1AAEE-0B26-4685-89A8-31A6B9230D0D}.Debug|Any CPU.ActiveCfg = Debug|Any CPU
		{45D1AAEE-0B26-4685-89A8-31A6B9230D0D}.Debug|Any CPU.Build.0 = Debug|Any CPU
		{45D1AAEE-0B26-4685-89A8-31A6B9230D0D}.Release|Any CPU.ActiveCfg = Release|Any CPU
		{45D1AAEE-0B26-4685-89A8-31A6B9230D0D}.Release|Any CPU.Build.0 = Release|Any CPU
	EndGlobalSection
	GlobalSection(SolutionProperties) = preSolution
		HideSolutionNode = FALSE
	EndGlobalSection
	GlobalSection(ExtensibilityGlobals) = postSolution
		SolutionGuid = {72E4E20A-8011-4933-A269-F28F401AB532}
	EndGlobalSection
EndGlobal
